
Microsoft Visual Studio Solution File, Format Version 12.00
# Visual Studio Version 17
VisualStudioVersion = 17.10.35004.147
MinimumVisualStudioVersion = 10.0.40219.1
Project("{9A19103F-16F7-4668-BE54-9A1E7A4F7556}") = "bookStoreApi", "bookStoreApi\bookStoreApi.csproj", "{6E762D6B-BF70-4EDD-916A-10158B394896}"
EndProject
Project("{9A19103F-16F7-4668-BE54-9A1E7A4F7556}") = "bookStoreApiTests", "bookStoreApiTests\bookStoreApiTests.csproj", "{8A229BEA-498A-4555-A212-7F15B84E751E}"
EndProject
Global
	GlobalSection(SolutionConfigurationPlatforms) = preSolution
		Debug|Any CPU = Debug|Any CPU
		Release|Any CPU = Release|Any CPU
	EndGlobalSection
	GlobalSection(ProjectConfigurationPlatforms) = postSolution
		{6E762D6B-BF70-4EDD-916A-10158B394896}.Debug|Any CPU.ActiveCfg = Debug|Any CPU
		{6E762D6B-BF70-4EDD-916A-10158B394896}.Debug|Any CPU.Build.0 = Debug|Any CPU
		{6E762D6B-BF70-4EDD-916A-10158B394896}.Release|Any CPU.ActiveCfg = Release|Any CPU
		{6E762D6B-BF70-4EDD-916A-10158B394896}.Release|Any CPU.Build.0 = Release|Any CPU
		{8A229BEA-498A-4555-A212-7F15B84E751E}.Debug|Any CPU.ActiveCfg = Debug|Any CPU
		{8A229BEA-498A-4555-A212-7F15B84E751E}.Debug|Any CPU.Build.0 = Debug|Any CPU
		{8A229BEA-498A-4555-A212-7F15B84E751E}.Release|Any CPU.ActiveCfg = Release|Any CPU
		{8A229BEA-498A-4555-A212-7F15B84E751E}.Release|Any CPU.Build.0 = Release|Any CPU
	EndGlobalSection
	GlobalSection(SolutionProperties) = preSolution
		HideSolutionNode = FALSE
	EndGlobalSection
	GlobalSection(ExtensibilityGlobals) = postSolution
		SolutionGuid = {A6DD6CA1-8E7F-4C45-8880-A37131324009}
	EndGlobalSection
EndGlobal
